Microsoft Visual Studio Solution File, Format Version 12.00
# Visual Studio Version 17
VisualStudioVersion = 17.5.2.0
MinimumVisualStudioVersion = 10.0.40219.1
Project("{FAE04EC0-301F-11D3-BF4B-00C04F79EFBC}") = "insight-dotnet-api-secrettest", "insight-dotnet-api-secrettest\insight-dotnet-api-secrettest.csproj", "{7E700133-1627-77D9-E97D-538ADDC3D534}"
EndProject
Project("{FAE04EC0-301F-11D3-BF4B-00C04F79EFBC}") = "insight-dotnet-api-secrettest.Test", "insight-dotnet-api-secrettest.Test\insight-dotnet-api-secrettest.Test.csproj", "{7845B2C9-84B8-6CAE-5DC0-3B0BAE89A444}"
EndProject
Global
	GlobalSection(SolutionConfigurationPlatforms) = preSolution
		Debug|Any CPU = Debug|Any CPU
		Release|Any CPU = Release|Any CPU
	EndGlobalSection
	GlobalSection(ProjectConfigurationPlatforms) = postSolution
		{7E700133-1627-77D9-E97D-538ADDC3D534}.Debug|Any CPU.ActiveCfg = Debug|Any CPU
		{7E700133-1627-77D9-E97D-538ADDC3D534}.Debug|Any CPU.Build.0 = Debug|Any CPU
		{7E700133-1627-77D9-E97D-538ADDC3D534}.Release|Any CPU.ActiveCfg = Release|Any CPU
		{7E700133-1627-77D9-E97D-538ADDC3D534}.Release|Any CPU.Build.0 = Release|Any CPU
		{7845B2C9-84B8-6CAE-5DC0-3B0BAE89A444}.Debug|Any CPU.ActiveCfg = Debug|Any CPU
		{7845B2C9-84B8-6CAE-5DC0-3B0BAE89A444}.Debug|Any CPU.Build.0 = Debug|Any CPU
		{7845B2C9-84B8-6CAE-5DC0-3B0BAE89A444}.Release|Any CPU.ActiveCfg = Release|Any CPU
		{7845B2C9-84B8-6CAE-5DC0-3B0BAE89A444}.Release|Any CPU.Build.0 = Release|Any CPU
	EndGlobalSection
	GlobalSection(SolutionProperties) = preSolution
		HideSolutionNode = FALSE
	EndGlobalSection
	GlobalSection(ExtensibilityGlobals) = postSolution
		SolutionGuid = {00EF519C-2E7B-4846-8246-27D50558A1A7}
	EndGlobalSection
EndGlobal
